
Microsoft Visual Studio Solution File, Format Version 12.00
# Visual Studio Version 17
VisualStudioVersion = 17.13.35919.96 d17.13
MinimumVisualStudioVersion = 10.0.40219.1
Project("{FAE04EC0-301F-11D3-BF4B-00C04F79EFBC}") = "CAF.GstMatching", "CAF.GstMatching.csproj", "{CEC719A0-9FD7-4180-9CFA-38C715DF14ED}"
EndProject
Global
	GlobalSection(SolutionConfigurationPlatforms) = preSolution
		Debug|Any CPU = Debug|Any CPU
		Release|Any CPU = Release|Any CPU
	EndGlobalSection
	GlobalSection(ProjectConfigurationPlatforms) = postSolution
		{CEC719A0-9FD7-4180-9CFA-38C715DF14ED}.Debug|Any CPU.ActiveCfg = Debug|Any CPU
		{CEC719A0-9FD7-4180-9CFA-38C715DF14ED}.Debug|Any CPU.Build.0 = Debug|Any CPU
		{CEC719A0-9FD7-4180-9CFA-38C715DF14ED}.Release|Any CPU.ActiveCfg = Release|Any CPU
		{CEC719A0-9FD7-4180-9CFA-38C715DF14ED}.Release|Any CPU.Build.0 = Release|Any CPU
	EndGlobalSection
	GlobalSection(SolutionProperties) = preSolution
		HideSolutionNode = FALSE
	EndGlobalSection
	GlobalSection(ExtensibilityGlobals) = postSolution
		SolutionGuid = {84ECFEEC-46BC-44AC-890D-6445B0678C6F}
	EndGlobalSection
EndGlobal
